
Microsoft Visual Studio Solution File, Format Version 12.00
# Visual Studio 15
VisualStudioVersion = 15.0.26730.15
MinimumVisualStudioVersion = 10.0.40219.1
Project("{FAE04EC0-301F-11D3-BF4B-00C04F79EFBC}") = "WheelOfFate.Web", "WheelOfFate.Web\WheelOfFate.Web.csproj", "{8BD3CF50-CAE9-419F-A933-C0EFADBE7731}"
EndProject
Project("{FAE04EC0-301F-11D3-BF4B-00C04F79EFBC}") = "WheelOfFate.Scheduling.Test", "WheelOfFate.Scheduling.Test\WheelOfFate.Scheduling.Test.csproj", "{0C732E70-5EB3-4229-B17E-781D3E379B62}"
EndProject
Project("{FAE04EC0-301F-11D3-BF4B-00C04F79EFBC}") = "WheelOfFate.Scheduling", "WheelOfFate.Scheduling\WheelOfFate.Scheduling.csproj", "{A223B647-17EC-4582-AE7D-2ED29D11906B}"
EndProject
Global
	GlobalSection(SolutionConfigurationPlatforms) = preSolution
		Debug|Any CPU = Debug|Any CPU
		Release|Any CPU = Release|Any CPU
	EndGlobalSection
	GlobalSection(ProjectConfigurationPlatforms) = postSolution
		{8BD3CF50-CAE9-419F-A933-C0EFADBE7731}.Debug|Any CPU.ActiveCfg = Debug|Any CPU
		{8BD3CF50-CAE9-419F-A933-C0EFADBE7731}.Debug|Any CPU.Build.0 = Debug|Any CPU
		{8BD3CF50-CAE9-419F-A933-C0EFADBE7731}.Release|Any CPU.ActiveCfg = Release|Any CPU
		{8BD3CF50-CAE9-419F-A933-C0EFADBE7731}.Release|Any CPU.Build.0 = Release|Any CPU
		{0C732E70-5EB3-4229-B17E-781D3E379B62}.Debug|Any CPU.ActiveCfg = Debug|Any CPU
		{0C732E70-5EB3-4229-B17E-781D3E379B62}.Debug|Any CPU.Build.0 = Debug|Any CPU
		{0C732E70-5EB3-4229-B17E-781D3E379B62}.Release|Any CPU.ActiveCfg = Release|Any CPU
		{0C732E70-5EB3-4229-B17E-781D3E379B62}.Release|Any CPU.Build.0 = Release|Any CPU
		{A223B647-17EC-4582-AE7D-2ED29D11906B}.Debug|Any CPU.ActiveCfg = Debug|Any CPU
		{A223B647-17EC-4582-AE7D-2ED29D11906B}.Debug|Any CPU.Build.0 = Debug|Any CPU
		{A223B647-17EC-4582-AE7D-2ED29D11906B}.Release|Any CPU.ActiveCfg = Release|Any CPU
		{A223B647-17EC-4582-AE7D-2ED29D11906B}.Release|Any CPU.Build.0 = Release|Any CPU
	EndGlobalSection
	GlobalSection(SolutionProperties) = preSolution
		HideSolutionNode = FALSE
	EndGlobalSection
	GlobalSection(ExtensibilityGlobals) = postSolution
		SolutionGuid = {11A23A0A-206A-4827-BBE8-CE44979FDDCE}
	EndGlobalSection
EndGlobal
